
Microsoft Visual Studio Solution File, Format Version 12.00
# Visual Studio 15
VisualStudioVersion = 15.0.28010.2041
MinimumVisualStudioVersion = 10.0.40219.1
Project("{FAE04EC0-301F-11D3-BF4B-00C04F79EFBC}") = "OdeToFood", "OdeToFood\OdeToFood.csproj", "{B6DE3993-6188-4856-A286-41FEBBA6879F}"
EndProject
Project("{FAE04EC0-301F-11D3-BF4B-00C04F79EFBC}") = "OdeToFood.Core", "OdeToFood.Core\OdeToFood.Core.csproj", "{94D5FEEC-31D9-4926-B94C-419E32F4F777}"
EndProject
Global
	GlobalSection(SolutionConfigurationPlatforms) = preSolution
		Debug|Any CPU = Debug|Any CPU
		Release|Any CPU = Release|Any CPU
	EndGlobalSection
	GlobalSection(ProjectConfigurationPlatforms) = postSolution
		{B6DE3993-6188-4856-A286-41FEBBA6879F}.Debug|Any CPU.ActiveCfg = Debug|Any CPU
		{B6DE3993-6188-4856-A286-41FEBBA6879F}.Debug|Any CPU.Build.0 = Debug|Any CPU
		{B6DE3993-6188-4856-A286-41FEBBA6879F}.Release|Any CPU.ActiveCfg = Release|Any CPU
		{B6DE3993-6188-4856-A286-41FEBBA6879F}.Release|Any CPU.Build.0 = Release|Any CPU
		{94D5FEEC-31D9-4926-B94C-419E32F4F777}.Debug|Any CPU.ActiveCfg = Debug|Any CPU
		{94D5FEEC-31D9-4926-B94C-419E32F4F777}.Debug|Any CPU.Build.0 = Debug|Any CPU
		{94D5FEEC-31D9-4926-B94C-419E32F4F777}.Release|Any CPU.ActiveCfg = Release|Any CPU
		{94D5FEEC-31D9-4926-B94C-419E32F4F777}.Release|Any CPU.Build.0 = Release|Any CPU
	EndGlobalSection
	GlobalSection(SolutionProperties) = preSolution
		HideSolutionNode = FALSE
	EndGlobalSection
	GlobalSection(ExtensibilityGlobals) = postSolution
		SolutionGuid = {C35D8CFA-053A-48F7-9709-2B796B31F540}
	EndGlobalSection
EndGlobal
